// !$*UTF8*$!
{
	archiveVersion = 1;
	classes = {
	};
	objectVersion = 46;
	objects = {

/* Begin PBXBuildFile section */
		2A9C1D0E1E9A8CF700FDEE93 /* ItemDetailTableViewController.swift in Sources */ = {isa = PBXBuildFile; fileRef = 2A9C1D0D1E9A8CF700FDEE93 /* ItemDetailTableViewController.swift */; };
		2AAD51801E99B36300436CE3 /* AppDelegate.swift in Sources */ = {isa = PBXBuildFile; fileRef = 2AAD517F1E99B36300436CE3 /* AppDelegate.swift */; };
		2AAD51851E99B36300436CE3 /* Main.storyboard in Resources */ = {isa = PBXBuildFile; fileRef = 2AAD51831E99B36300436CE3 /* Main.storyboard */; };
		2AAD51871E99B36300436CE3 /* Assets.xcassets in Resources */ = {isa = PBXBuildFile; fileRef = 2AAD51861E99B36300436CE3 /* Assets.xcassets */; };
		2AAD518A1E99B36300436CE3 /* LaunchScreen.storyboard in Resources */ = {isa = PBXBuildFile; fileRef = 2AAD51881E99B36300436CE3 /* LaunchScreen.storyboard */; };
		2AAD51981E99B5C100436CE3 /* ListApp.xcdatamodeld in Sources */ = {isa = PBXBuildFile; fileRef = 2AAD51961E99B5C100436CE3 /* ListApp.xcdatamodeld */; };
		2AAD519A1E99B68400436CE3 /* CoreDataStack.swift in Sources */ = {isa = PBXBuildFile; fileRef = 2AAD51991E99B68400436CE3 /* CoreDataStack.swift */; };
		2AAD519C1E99B6D100436CE3 /* ListItem+Convenience.swift in Sources */ = {isa = PBXBuildFile; fileRef = 2AAD519B1E99B6D100436CE3 /* ListItem+Convenience.swift */; };
		2AAD519E1E99B79C00436CE3 /* ListItemController.swift in Sources */ = {isa = PBXBuildFile; fileRef = 2AAD519D1E99B79C00436CE3 /* ListItemController.swift */; };
		2AAD51A01E99BA3300436CE3 /* ListItemTableViewController.swift in Sources */ = {isa = PBXBuildFile; fileRef = 2AAD519F1E99BA3300436CE3 /* ListItemTableViewController.swift */; };
		2AAD51A21E99BB0600436CE3 /* CheckBoxButtonTableViewCell.swift in Sources */ = {isa = PBXBuildFile; fileRef = 2AAD51A11E99BB0600436CE3 /* CheckBoxButtonTableViewCell.swift */; };
/* End PBXBuildFile section */

/* Begin PBXFileReference section */
		2A9C1D0D1E9A8CF700FDEE93 /* ItemDetailTableViewController.swift */ = {isa = PBXFileReference; fileEncoding = 4; lastKnownFileType = sourcecode.swift; path = ItemDetailTableViewController.swift; sourceTree = "<group>"; };
		2AAD517C1E99B36300436CE3 /* ListApp(1).app */ = {isa = PBXFileReference; explicitFileType = wrapper.application; includeInIndex = 0; path = "ListApp(1).app"; sourceTree = BUILT_PRODUCTS_DIR; };
		2AAD517F1E99B36300436CE3 /* AppDelegate.swift */ = {isa = PBXFileReference; lastKnownFileType = sourcecode.swift; path = AppDelegate.swift; sourceTree = "<group>"; };
		2AAD51841E99B36300436CE3 /* Base */ = {isa = PBXFileReference; lastKnownFileType = file.storyboard; name = Base; path = Base.lproj/Main.storyboard; sourceTree = "<group>"; };
		2AAD51861E99B36300436CE3 /* Assets.xcassets */ = {isa = PBXFileReference; lastKnownFileType = folder.assetcatalog; path = Assets.xcassets; sourceTree = "<group>"; };
		2AAD51891E99B36300436CE3 /* Base */ = {isa = PBXFileReference; lastKnownFileType = file.storyboard; name = Base; path = Base.lproj/LaunchScreen.storyboard; sourceTree = "<group>"; };
		2AAD518B1E99B36300436CE3 /* Info.plist */ = {isa = PBXFileReference; lastKnownFileType = text.plist.xml; path = Info.plist; sourceTree = "<group>"; };
		2AAD51971E99B5C100436CE3 /* ListApp.xcdatamodel */ = {isa = PBXFileReference; lastKnownFileType = wrapper.xcdatamodel; path = ListApp.xcdatamodel; sourceTree = "<group>"; };
		2AAD51991E99B68400436CE3 /* CoreDataStack.swift */ = {isa = PBXFileReference; fileEncoding = 4; lastKnownFileType = sourcecode.swift; path = CoreDataStack.swift; sourceTree = "<group>"; };
		2AAD519B1E99B6D100436CE3 /* ListItem+Convenience.swift */ = {isa = PBXFileReference; fileEncoding = 4; lastKnownFileType = sourcecode.swift; path = "ListItem+Convenience.swift"; sourceTree = "<group>"; };
		2AAD519D1E99B79C00436CE3 /* ListItemController.swift */ = {isa = PBXFileReference; fileEncoding = 4; lastKnownFileType = sourcecode.swift; path = ListItemController.swift; sourceTree = "<group>"; };
		2AAD519F1E99BA3300436CE3 /* ListItemTableViewController.swift */ = {isa = PBXFileReference; fileEncoding = 4; lastKnownFileType = sourcecode.swift; path = ListItemTableViewController.swift; sourceTree = "<group>"; };
		2AAD51A11E99BB0600436CE3 /* CheckBoxButtonTableViewCell.swift */ = {isa = PBXFileReference; fileEncoding = 4; lastKnownFileType = sourcecode.swift; path = CheckBoxButtonTableViewCell.swift; sourceTree = "<group>"; };
/* End PBXFileReference section */

/* Begin PBXFrameworksBuildPhase section */
		2AAD51791E99B36300436CE3 /* Frameworks */ = {
			isa = PBXFrameworksBuildPhase;
			buildActionMask = 2147483647;
			files = (
			);
			runOnlyForDeploymentPostprocessing = 0;
		};
/* End PBXFrameworksBuildPhase section */

/* Begin PBXGroup section */
		2AAD51731E99B36300436CE3 = {
			isa = PBXGroup;
			children = (
				2AAD517E1E99B36300436CE3 /* ListApp(1) */,
				2AAD517D1E99B36300436CE3 /* Products */,
			);
			sourceTree = "<group>";
		};
		2AAD517D1E99B36300436CE3 /* Products */ = {
			isa = PBXGroup;
			children = (
				2AAD517C1E99B36300436CE3 /* ListApp(1).app */,
			);
			name = Products;
			sourceTree = "<group>";
		};
		2AAD517E1E99B36300436CE3 /* ListApp(1) */ = {
			isa = PBXGroup;
			children = (
				2AAD517F1E99B36300436CE3 /* AppDelegate.swift */,
				2AAD51831E99B36300436CE3 /* Main.storyboard */,
				2AAD51951E99B3D600436CE3 /* Models */,
				2AAD51941E99B3CB00436CE3 /* ModelControllers */,
				2AAD51931E99B3C400436CE3 /* ViewControllers */,
				2AAD51921E99B3B800436CE3 /* Views */,
				2AAD51911E99B38200436CE3 /* Resources */,
			);
			path = "ListApp(1)";
			sourceTree = "<group>";
		};
		2AAD51911E99B38200436CE3 /* Resources */ = {
			isa = PBXGroup;
			children = (
				2AAD51861E99B36300436CE3 /* Assets.xcassets */,
				2AAD51881E99B36300436CE3 /* LaunchScreen.storyboard */,
				2AAD518B1E99B36300436CE3 /* Info.plist */,
			);
			name = Resources;
			sourceTree = "<group>";
		};
		2AAD51921E99B3B800436CE3 /* Views */ = {
			isa = PBXGroup;
			children = (
				2AAD51A11E99BB0600436CE3 /* CheckBoxButtonTableViewCell.swift */,
			);
			name = Views;
			sourceTree = "<group>";
		};
		2AAD51931E99B3C400436CE3 /* ViewControllers */ = {
			isa = PBXGroup;
			children = (
				2AAD519F1E99BA3300436CE3 /* ListItemTableViewController.swift */,
				2A9C1D0D1E9A8CF700FDEE93 /* ItemDetailTableViewController.swift */,
			);
			name = ViewControllers;
			sourceTree = "<group>";
		};
		2AAD51941E99B3CB00436CE3 /* ModelControllers */ = {
			isa = PBXGroup;
			children = (
				2AAD519D1E99B79C00436CE3 /* ListItemController.swift */,
			);
			name = ModelControllers;
			sourceTree = "<group>";
		};
		2AAD51951E99B3D600436CE3 /* Models */ = {
			isa = PBXGroup;
			children = (
				2AAD51961E99B5C100436CE3 /* ListApp.xcdatamodeld */,
				2AAD51991E99B68400436CE3 /* CoreDataStack.swift */,
				2AAD519B1E99B6D100436CE3 /* ListItem+Convenience.swift */,
			);
			name = Models;
			sourceTree = "<group>";
		};
/* End PBXGroup section */

/* Begin PBXNativeTarget section */
		2AAD517B1E99B36300436CE3 /* ListApp(1) */ = {
			isa = PBXNativeTarget;
			buildConfigurationList = 2AAD518E1E99B36300436CE3 /* Build configuration list for PBXNativeTarget "ListApp(1)" */;
			buildPhases = (
				2AAD51781E99B36300436CE3 /* Sources */,
				2AAD51791E99B36300436CE3 /* Frameworks */,
				2AAD517A1E99B36300436CE3 /* Resources */,
			);
			buildRules = (
			);
			dependencies = (
			);
			name = "ListApp(1)";
			productName = "ListApp(1)";
			productReference = 2AAD517C1E99B36300436CE3 /* ListApp(1).app */;
			productType = "com.apple.product-type.application";
		};
/* End PBXNativeTarget section */

/* Begin PBXProject section */
		2AAD51741E99B36300436CE3 /* Project object */ = {
			isa = PBXProject;
			attributes = {
				LastSwiftUpdateCheck = 0830;
				LastUpgradeCheck = 0830;
				ORGANIZATIONNAME = "Rob Hand";
				TargetAttributes = {
					2AAD517B1E99B36300436CE3 = {
						CreatedOnToolsVersion = 8.3;
						DevelopmentTeam = LB57Y668BA;
						ProvisioningStyle = Automatic;
					};
				};
			};
			buildConfigurationList = 2AAD51771E99B36300436CE3 /* Build configuration list for PBXProject "ListApp(1)" */;
			compatibilityVersion = "Xcode 3.2";
			developmentRegion = English;
			hasScannedForEncodings = 0;
			knownRegions = (
				en,
				Base,
			);
			mainGroup = 2AAD51731E99B36300436CE3;
			productRefGroup = 2AAD517D1E99B36300436CE3 /* Products */;
			projectDirPath = "";
			projectRoot = "";
			targets = (
				2AAD517B1E99B36300436CE3 /* ListApp(1) */,
			);
		};
/* End PBXProject section */

/* Begin PBXResourcesBuildPhase section */
		2AAD517A1E99B36300436CE3 /* Resources */ = {
			isa = PBXResourcesBuildPhase;
			buildActionMask = 2147483647;
			files = (
				2AAD518A1E99B36300436CE3 /* LaunchScreen.storyboard in Resources */,
				2AAD51871E99B36300436CE3 /* Assets.xcassets in Resources */,
				2AAD51851E99B36300436CE3 /* Main.storyboard in Resources */,
			);
			runOnlyForDeploymentPostprocessing = 0;
		};
/* End PBXResourcesBuildPhase section */

/* Begin PBXSourcesBuildPhase section */
		2AAD51781E99B36300436CE3 /* Sources */ = {
			isa = PBXSourcesBuildPhase;
			buildActionMask = 2147483647;
			files = (
				2AAD519C1E99B6D100436CE3 /* ListItem+Convenience.swift in Sources */,
				2AAD519A1E99B68400436CE3 /* CoreDataStack.swift in Sources */,
				2AAD51801E99B36300436CE3 /* AppDelegate.swift in Sources */,
				2AAD51981E99B5C100436CE3 /* ListApp.xcdatamodeld in Sources */,
				2AAD51A01E99BA3300436CE3 /* ListItemTableViewController.swift in Sources */,
				2AAD51A21E99BB0600436CE3 /* CheckBoxButtonTableViewCell.swift in Sources */,
				2AAD519E1E99B79C00436CE3 /* ListItemController.swift in Sources */,
				2A9C1D0E1E9A8CF700FDEE93 /* ItemDetailTableViewController.swift in Sources */,
			);
			runOnlyForDeploymentPostprocessing = 0;
		};
/* End PBXSourcesBuildPhase section */

/* Begin PBXVariantGroup section */
		2AAD51831E99B36300436CE3 /* Main.storyboard */ = {
			isa = PBXVariantGroup;
			children = (
				2AAD51841E99B36300436CE3 /* Base */,
			);
			name = Main.storyboard;
			sourceTree = "<group>";
		};
		2AAD51881E99B36300436CE3 /* LaunchScreen.storyboard */ = {
			isa = PBXVariantGroup;
			children = (
				2AAD51891E99B36300436CE3 /* Base */,
			);
			name = LaunchScreen.storyboard;
			sourceTree = "<group>";
		};
/* End PBXVariantGroup section */

/* Begin XCBuildConfiguration section */
		2AAD518C1E99B36300436CE3 /* Debug */ = {
			isa = XCBuildConfiguration;
			buildSettings = {
				ALWAYS_SEARCH_USER_PATHS = NO;
				CLANG_ANALYZER_NONNULL = YES;
				CLANG_ANALYZER_NUMBER_OBJECT_CONVERSION = YES_AGGRESSIVE;
				CLANG_CXX_LANGUAGE_STANDARD = "gnu++0x";
				CLANG_CXX_LIBRARY = "libc++";
				CLANG_ENABLE_MODULES = YES;
				CLANG_ENABLE_OBJC_ARC = YES;
				CLANG_WARN_BOOL_CONVERSION = YES;
				CLANG_WARN_CONSTANT_CONVERSION = YES;
				CLANG_WARN_DIRECT_OBJC_ISA_USAGE = YES_ERROR;
				CLANG_WARN_DOCUMENTATION_COMMENTS = YES;
				CLANG_WARN_EMPTY_BODY = YES;
				CLANG_WARN_ENUM_CONVERSION = YES;
				CLANG_WARN_INFINITE_RECURSION = YES;
				CLANG_WARN_INT_CONVERSION = YES;
				CLANG_WARN_OBJC_ROOT_CLASS = YES_ERROR;
				CLANG_WARN_SUSPICIOUS_MOVE = YES;
				CLANG_WARN_UNREACHABLE_CODE = YES;
				CLANG_WARN__DUPLICATE_METHOD_MATCH = YES;
				"CODE_SIGN_IDENTITY[sdk=iphoneos*]" = "iPhone Developer";
				COPY_PHASE_STRIP = NO;
				DEBUG_INFORMATION_FORMAT = dwarf;
				ENABLE_STRICT_OBJC_MSGSEND = YES;
				ENABLE_TESTABILITY = YES;
				GCC_C_LANGUAGE_STANDARD = gnu99;
				GCC_DYNAMIC_NO_PIC = NO;
				GCC_NO_COMMON_BLOCKS = YES;
				GCC_OPTIMIZATION_LEVEL = 0;
				GCC_PREPROCESSOR_DEFINITIONS = (
					"DEBUG=1",
					"$(inherited)",
				);
				GCC_WARN_64_TO_32_BIT_CONVERSION = YES;
				GCC_WARN_ABOUT_RETURN_TYPE = YES_ERROR;
				GCC_WARN_UNDECLARED_SELECTOR = YES;
				GCC_WARN_UNINITIALIZED_AUTOS = YES_AGGRESSIVE;
				GCC_WARN_UNUSED_FUNCTION = YES;
				GCC_WARN_UNUSED_VARIABLE = YES;
				IPHONEOS_DEPLOYMENT_TARGET = 10.3;
				MTL_ENABLE_DEBUG_INFO = YES;
				ONLY_ACTIVE_ARCH = YES;
				SDKROOT = iphoneos;
				SWIFT_ACTIVE_COMPILATION_CONDITIONS = DEBUG;
				SWIFT_OPTIMIZATION_LEVEL = "-Onone";
			};
			name = Debug;
		};
		2AAD518D1E99B36300436CE3 /* Release */ = {
			isa = XCBuildConfiguration;
			buildSettings = {
				ALWAYS_SEARCH_USER_PATHS = NO;
				CLANG_ANALYZER_NONNULL = YES;
				CLANG_ANALYZER_NUMBER_OBJECT_CONVERSION = YES_AGGRESSIVE;
				CLANG_CXX_LANGUAGE_STANDARD = "gnu++0x";
				CLANG_CXX_LIBRARY = "libc++";
				CLANG_ENABLE_MODULES = YES;
				CLANG_ENABLE_OBJC_ARC = YES;
				CLANG_WARN_BOOL_CONVERSION = YES;
				CLANG_WARN_CONSTANT_CONVERSION = YES;
				CLANG_WARN_DIRECT_OBJC_ISA_USAGE = YES_ERROR;
				CLANG_WARN_DOCUMENTATION_COMMENTS = YES;
				CLANG_WARN_EMPTY_BODY = YES;
				CLANG_WARN_ENUM_CONVERSION = YES;
				CLANG_WARN_INFINITE_RECURSION = YES;
				CLANG_WARN_INT_CONVERSION = YES;
				CLANG_WARN_OBJC_ROOT_CLASS = YES_ERROR;
				CLANG_WARN_SUSPICIOUS_MOVE = YES;
				CLANG_WARN_UNREACHABLE_CODE = YES;
				CLANG_WARN__DUPLICATE_METHOD_MATCH = YES;
				"CODE_SIGN_IDENTITY[sdk=iphoneos*]" = "iPhone Developer";
				COPY_PHASE_STRIP = NO;
				DEBUG_INFORMATION_FORMAT = "dwarf-with-dsym";
				ENABLE_NS_ASSERTIONS = NO;
				ENABLE_STRICT_OBJC_MSGSEND = YES;
				GCC_C_LANGUAGE_STANDARD = gnu99;
				GCC_NO_COMMON_BLOCKS = YES;
				GCC_WARN_64_TO_32_BIT_CONVERSION = YES;
				GCC_WARN_ABOUT_RETURN_TYPE = YES_ERROR;
				GCC_WARN_UNDECLARED_SELECTOR = YES;
				GCC_WARN_UNINITIALIZED_AUTOS = YES_AGGRESSIVE;
				GCC_WARN_UNUSED_FUNCTION = YES;
				GCC_WARN_UNUSED_VARIABLE = YES;
				IPHONEOS_DEPLOYMENT_TARGET = 10.3;
				MTL_ENABLE_DEBUG_INFO = NO;
				SDKROOT = iphoneos;
				SWIFT_OPTIMIZATION_LEVEL = "-Owholemodule";
				VALIDATE_PRODUCT = YES;
			};
			name = Release;
		};
		2AAD518F1E99B36300436CE3 /* Debug */ = {
			isa = XCBuildConfiguration;
			buildSettings = {
				ASSETCATALOG_COMPILER_APPICON_NAME = AppIcon;
				DEVELOPMENT_TEAM = LB57Y668BA;
				INFOPLIST_FILE = "ListApp(1)/Info.plist";
				LD_RUNPATH_SEARCH_PATHS = "$(inherited) @executable_path/Frameworks";
				PRODUCT_BUNDLE_IDENTIFIER = com.mmoutside;
				PRODUCT_NAME = "$(TARGET_NAME)";
				SWIFT_VERSION = 3.0;
			};
			name = Debug;
		};
		2AAD51901E99B36300436CE3 /* Release */ = {
			isa = XCBuildConfiguration;
			buildSettings = {
				ASSETCATALOG_COMPILER_APPICON_NAME = AppIcon;
				DEVELOPMENT_TEAM = LB57Y668BA;
				INFOPLIST_FILE = "ListApp(1)/Info.plist";
				LD_RUNPATH_SEARCH_PATHS = "$(inherited) @executable_path/Frameworks";
				PRODUCT_BUNDLE_IDENTIFIER = com.mmoutside;
				PRODUCT_NAME = "$(TARGET_NAME)";
				SWIFT_VERSION = 3.0;
			};
			name = Release;
		};
/* End XCBuildConfiguration section */

/* Begin XCConfigurationList section */
		2AAD51771E99B36300436CE3 /* Build configuration list for PBXProject "ListApp(1)" */ = {
			isa = XCConfigurationList;
			buildConfigurations = (
				2AAD518C1E99B36300436CE3 /* Debug */,
				2AAD518D1E99B36300436CE3 /* Release */,
			);
			defaultConfigurationIsVisible = 0;
			defaultConfigurationName = Release;
		};
		2AAD518E1E99B36300436CE3 /* Build configuration list for PBXNativeTarget "ListApp(1)" */ = {
			isa = XCConfigurationList;
			buildConfigurations = (
				2AAD518F1E99B36300436CE3 /* Debug */,
				2AAD51901E99B36300436CE3 /* Release */,
			);
			defaultConfigurationIsVisible = 0;
			defaultConfigurationName = Release;
		};
/* End XCConfigurationList section */

/* Begin XCVersionGroup section */
		2AAD51961E99B5C100436CE3 /* ListApp.xcdatamodeld */ = {
			isa = XCVersionGroup;
			children = (
				2AAD51971E99B5C100436CE3 /* ListApp.xcdatamodel */,
			);
			currentVersion = 2AAD51971E99B5C100436CE3 /* ListApp.xcdatamodel */;
			path = ListApp.xcdatamodeld;
			sourceTree = "<group>";
			versionGroupType = wrapper.xcdatamodel;
		};
/* End XCVersionGroup section */
	};
	rootObject = 2AAD51741E99B36300436CE3 /* Project object */;
}
