// !$*UTF8*$!
{
	archiveVersion = 1;
	classes = {
	};
	objectVersion = 46;
	objects = {

/* Begin PBXBuildFile section */
		2AACFCEE1EDF56D00015F4F9 /* AppDelegate.swift in Sources */ = {isa = PBXBuildFile; fileRef = 2AACFCED1EDF56D00015F4F9 /* AppDelegate.swift */; };
		2AACFCF31EDF56D00015F4F9 /* Main.storyboard in Resources */ = {isa = PBXBuildFile; fileRef = 2AACFCF11EDF56D00015F4F9 /* Main.storyboard */; };
		2AACFCF51EDF56D00015F4F9 /* Assets.xcassets in Resources */ = {isa = PBXBuildFile; fileRef = 2AACFCF41EDF56D00015F4F9 /* Assets.xcassets */; };
		2AACFCF81EDF56D00015F4F9 /* LaunchScreen.storyboard in Resources */ = {isa = PBXBuildFile; fileRef = 2AACFCF61EDF56D00015F4F9 /* LaunchScreen.storyboard */; };
		2AACFD071EDF57410015F4F9 /* TaskController.swift in Sources */ = {isa = PBXBuildFile; fileRef = 2AACFD061EDF57410015F4F9 /* TaskController.swift */; };
		2AACFD091EDF57560015F4F9 /* TaskListTableViewController.swift in Sources */ = {isa = PBXBuildFile; fileRef = 2AACFD081EDF57560015F4F9 /* TaskListTableViewController.swift */; };
		2AACFD0B1EDF57A90015F4F9 /* TaskDetailTableViewController.swift in Sources */ = {isa = PBXBuildFile; fileRef = 2AACFD0A1EDF57A90015F4F9 /* TaskDetailTableViewController.swift */; };
		2AACFD0D1EDF57E80015F4F9 /* ButtonTableViewCell.swift in Sources */ = {isa = PBXBuildFile; fileRef = 2AACFD0C1EDF57E80015F4F9 /* ButtonTableViewCell.swift */; };
		2AACFD101EDF59340015F4F9 /* CoreDataStack.xcdatamodeld in Sources */ = {isa = PBXBuildFile; fileRef = 2AACFD0E1EDF59340015F4F9 /* CoreDataStack.xcdatamodeld */; };
		2AACFD121EDF598E0015F4F9 /* Task + Convenience.swift in Sources */ = {isa = PBXBuildFile; fileRef = 2AACFD111EDF598E0015F4F9 /* Task + Convenience.swift */; };
		2AACFD141EDF5A840015F4F9 /* CoreDataStack.swift in Sources */ = {isa = PBXBuildFile; fileRef = 2AACFD131EDF5A840015F4F9 /* CoreDataStack.swift */; };
/* End PBXBuildFile section */

/* Begin PBXFileReference section */
		2AACFCEA1EDF56D00015F4F9 /* TaskApp(2).app */ = {isa = PBXFileReference; explicitFileType = wrapper.application; includeInIndex = 0; path = "TaskApp(2).app"; sourceTree = BUILT_PRODUCTS_DIR; };
		2AACFCED1EDF56D00015F4F9 /* AppDelegate.swift */ = {isa = PBXFileReference; lastKnownFileType = sourcecode.swift; path = AppDelegate.swift; sourceTree = "<group>"; };
		2AACFCF21EDF56D00015F4F9 /* Base */ = {isa = PBXFileReference; lastKnownFileType = file.storyboard; name = Base; path = Base.lproj/Main.storyboard; sourceTree = "<group>"; };
		2AACFCF41EDF56D00015F4F9 /* Assets.xcassets */ = {isa = PBXFileReference; lastKnownFileType = folder.assetcatalog; path = Assets.xcassets; sourceTree = "<group>"; };
		2AACFCF71EDF56D00015F4F9 /* Base */ = {isa = PBXFileReference; lastKnownFileType = file.storyboard; name = Base; path = Base.lproj/LaunchScreen.storyboard; sourceTree = "<group>"; };
		2AACFCF91EDF56D00015F4F9 /* Info.plist */ = {isa = PBXFileReference; lastKnownFileType = text.plist.xml; path = Info.plist; sourceTree = "<group>"; };
		2AACFD061EDF57410015F4F9 /* TaskController.swift */ = {isa = PBXFileReference; fileEncoding = 4; lastKnownFileType = sourcecode.swift; path = TaskController.swift; sourceTree = "<group>"; };
		2AACFD081EDF57560015F4F9 /* TaskListTableViewController.swift */ = {isa = PBXFileReference; fileEncoding = 4; lastKnownFileType = sourcecode.swift; path = TaskListTableViewController.swift; sourceTree = "<group>"; };
		2AACFD0A1EDF57A90015F4F9 /* TaskDetailTableViewController.swift */ = {isa = PBXFileReference; fileEncoding = 4; lastKnownFileType = sourcecode.swift; path = TaskDetailTableViewController.swift; sourceTree = "<group>"; };
		2AACFD0C1EDF57E80015F4F9 /* ButtonTableViewCell.swift */ = {isa = PBXFileReference; fileEncoding = 4; lastKnownFileType = sourcecode.swift; path = ButtonTableViewCell.swift; sourceTree = "<group>"; };
		2AACFD0F1EDF59340015F4F9 /* CoreDataStack.xcdatamodel */ = {isa = PBXFileReference; lastKnownFileType = wrapper.xcdatamodel; path = CoreDataStack.xcdatamodel; sourceTree = "<group>"; };
		2AACFD111EDF598E0015F4F9 /* Task + Convenience.swift */ = {isa = PBXFileReference; fileEncoding = 4; lastKnownFileType = sourcecode.swift; path = "Task + Convenience.swift"; sourceTree = "<group>"; };
		2AACFD131EDF5A840015F4F9 /* CoreDataStack.swift */ = {isa = PBXFileReference; fileEncoding = 4; lastKnownFileType = sourcecode.swift; path = CoreDataStack.swift; sourceTree = "<group>"; };
/* End PBXFileReference section */

/* Begin PBXFrameworksBuildPhase section */
		2AACFCE71EDF56D00015F4F9 /* Frameworks */ = {
			isa = PBXFrameworksBuildPhase;
			buildActionMask = 2147483647;
			files = (
			);
			runOnlyForDeploymentPostprocessing = 0;
		};
/* End PBXFrameworksBuildPhase section */

/* Begin PBXGroup section */
		2AACFCE11EDF56D00015F4F9 = {
			isa = PBXGroup;
			children = (
				2AACFCEC1EDF56D00015F4F9 /* TaskApp(2) */,
				2AACFCEB1EDF56D00015F4F9 /* Products */,
			);
			sourceTree = "<group>";
		};
		2AACFCEB1EDF56D00015F4F9 /* Products */ = {
			isa = PBXGroup;
			children = (
				2AACFCEA1EDF56D00015F4F9 /* TaskApp(2).app */,
			);
			name = Products;
			sourceTree = "<group>";
		};
		2AACFCEC1EDF56D00015F4F9 /* TaskApp(2) */ = {
			isa = PBXGroup;
			children = (
				2AACFCED1EDF56D00015F4F9 /* AppDelegate.swift */,
				2AACFD131EDF5A840015F4F9 /* CoreDataStack.swift */,
				2AACFCF11EDF56D00015F4F9 /* Main.storyboard */,
				2AACFD031EDF57280015F4F9 /* Models */,
				2AACFD021EDF571C0015F4F9 /* ModelControllers */,
				2AACFD011EDF57110015F4F9 /* ViewControllers */,
				2AACFCFF1EDF56EE0015F4F9 /* Views */,
				2AACFD001EDF56F80015F4F9 /* Resources */,
			);
			path = "TaskApp(2)";
			sourceTree = "<group>";
		};
		2AACFCFF1EDF56EE0015F4F9 /* Views */ = {
			isa = PBXGroup;
			children = (
				2AACFD0C1EDF57E80015F4F9 /* ButtonTableViewCell.swift */,
			);
			name = Views;
			sourceTree = "<group>";
		};
		2AACFD001EDF56F80015F4F9 /* Resources */ = {
			isa = PBXGroup;
			children = (
				2AACFCF41EDF56D00015F4F9 /* Assets.xcassets */,
				2AACFCF61EDF56D00015F4F9 /* LaunchScreen.storyboard */,
				2AACFCF91EDF56D00015F4F9 /* Info.plist */,
			);
			name = Resources;
			sourceTree = "<group>";
		};
		2AACFD011EDF57110015F4F9 /* ViewControllers */ = {
			isa = PBXGroup;
			children = (
				2AACFD081EDF57560015F4F9 /* TaskListTableViewController.swift */,
				2AACFD0A1EDF57A90015F4F9 /* TaskDetailTableViewController.swift */,
			);
			name = ViewControllers;
			sourceTree = "<group>";
		};
		2AACFD021EDF571C0015F4F9 /* ModelControllers */ = {
			isa = PBXGroup;
			children = (
				2AACFD061EDF57410015F4F9 /* TaskController.swift */,
			);
			name = ModelControllers;
			sourceTree = "<group>";
		};
		2AACFD031EDF57280015F4F9 /* Models */ = {
			isa = PBXGroup;
			children = (
				2AACFD0E1EDF59340015F4F9 /* CoreDataStack.xcdatamodeld */,
				2AACFD111EDF598E0015F4F9 /* Task + Convenience.swift */,
			);
			name = Models;
			sourceTree = "<group>";
		};
/* End PBXGroup section */

/* Begin PBXNativeTarget section */
		2AACFCE91EDF56D00015F4F9 /* TaskApp(2) */ = {
			isa = PBXNativeTarget;
			buildConfigurationList = 2AACFCFC1EDF56D00015F4F9 /* Build configuration list for PBXNativeTarget "TaskApp(2)" */;
			buildPhases = (
				2AACFCE61EDF56D00015F4F9 /* Sources */,
				2AACFCE71EDF56D00015F4F9 /* Frameworks */,
				2AACFCE81EDF56D00015F4F9 /* Resources */,
			);
			buildRules = (
			);
			dependencies = (
			);
			name = "TaskApp(2)";
			productName = "TaskApp(2)";
			productReference = 2AACFCEA1EDF56D00015F4F9 /* TaskApp(2).app */;
			productType = "com.apple.product-type.application";
		};
/* End PBXNativeTarget section */

/* Begin PBXProject section */
		2AACFCE21EDF56D00015F4F9 /* Project object */ = {
			isa = PBXProject;
			attributes = {
				LastSwiftUpdateCheck = 0830;
				LastUpgradeCheck = 0830;
				ORGANIZATIONNAME = "Rob Hand";
				TargetAttributes = {
					2AACFCE91EDF56D00015F4F9 = {
						CreatedOnToolsVersion = 8.3.2;
						DevelopmentTeam = WC4MWVKQFQ;
						ProvisioningStyle = Automatic;
					};
				};
			};
			buildConfigurationList = 2AACFCE51EDF56D00015F4F9 /* Build configuration list for PBXProject "TaskApp(2)" */;
			compatibilityVersion = "Xcode 3.2";
			developmentRegion = English;
			hasScannedForEncodings = 0;
			knownRegions = (
				en,
				Base,
			);
			mainGroup = 2AACFCE11EDF56D00015F4F9;
			productRefGroup = 2AACFCEB1EDF56D00015F4F9 /* Products */;
			projectDirPath = "";
			projectRoot = "";
			targets = (
				2AACFCE91EDF56D00015F4F9 /* TaskApp(2) */,
			);
		};
/* End PBXProject section */

/* Begin PBXResourcesBuildPhase section */
		2AACFCE81EDF56D00015F4F9 /* Resources */ = {
			isa = PBXResourcesBuildPhase;
			buildActionMask = 2147483647;
			files = (
				2AACFCF81EDF56D00015F4F9 /* LaunchScreen.storyboard in Resources */,
				2AACFCF51EDF56D00015F4F9 /* Assets.xcassets in Resources */,
				2AACFCF31EDF56D00015F4F9 /* Main.storyboard in Resources */,
			);
			runOnlyForDeploymentPostprocessing = 0;
		};
/* End PBXResourcesBuildPhase section */

/* Begin PBXSourcesBuildPhase section */
		2AACFCE61EDF56D00015F4F9 /* Sources */ = {
			isa = PBXSourcesBuildPhase;
			buildActionMask = 2147483647;
			files = (
				2AACFD071EDF57410015F4F9 /* TaskController.swift in Sources */,
				2AACFD091EDF57560015F4F9 /* TaskListTableViewController.swift in Sources */,
				2AACFD0D1EDF57E80015F4F9 /* ButtonTableViewCell.swift in Sources */,
				2AACFD0B1EDF57A90015F4F9 /* TaskDetailTableViewController.swift in Sources */,
				2AACFCEE1EDF56D00015F4F9 /* AppDelegate.swift in Sources */,
				2AACFD121EDF598E0015F4F9 /* Task + Convenience.swift in Sources */,
				2AACFD101EDF59340015F4F9 /* CoreDataStack.xcdatamodeld in Sources */,
				2AACFD141EDF5A840015F4F9 /* CoreDataStack.swift in Sources */,
			);
			runOnlyForDeploymentPostprocessing = 0;
		};
/* End PBXSourcesBuildPhase section */

/* Begin PBXVariantGroup section */
		2AACFCF11EDF56D00015F4F9 /* Main.storyboard */ = {
			isa = PBXVariantGroup;
			children = (
				2AACFCF21EDF56D00015F4F9 /* Base */,
			);
			name = Main.storyboard;
			sourceTree = "<group>";
		};
		2AACFCF61EDF56D00015F4F9 /* LaunchScreen.storyboard */ = {
			isa = PBXVariantGroup;
			children = (
				2AACFCF71EDF56D00015F4F9 /* Base */,
			);
			name = LaunchScreen.storyboard;
			sourceTree = "<group>";
		};
/* End PBXVariantGroup section */

/* Begin XCBuildConfiguration section */
		2AACFCFA1EDF56D00015F4F9 /* Debug */ = {
			isa = XCBuildConfiguration;
			buildSettings = {
				ALWAYS_SEARCH_USER_PATHS = NO;
				CLANG_ANALYZER_NONNULL = YES;
				CLANG_ANALYZER_NUMBER_OBJECT_CONVERSION = YES_AGGRESSIVE;
				CLANG_CXX_LANGUAGE_STANDARD = "gnu++0x";
				CLANG_CXX_LIBRARY = "libc++";
				CLANG_ENABLE_MODULES = YES;
				CLANG_ENABLE_OBJC_ARC = YES;
				CLANG_WARN_BOOL_CONVERSION = YES;
				CLANG_WARN_CONSTANT_CONVERSION = YES;
				CLANG_WARN_DIRECT_OBJC_ISA_USAGE = YES_ERROR;
				CLANG_WARN_DOCUMENTATION_COMMENTS = YES;
				CLANG_WARN_EMPTY_BODY = YES;
				CLANG_WARN_ENUM_CONVERSION = YES;
				CLANG_WARN_INFINITE_RECURSION = YES;
				CLANG_WARN_INT_CONVERSION = YES;
				CLANG_WARN_OBJC_ROOT_CLASS = YES_ERROR;
				CLANG_WARN_SUSPICIOUS_MOVE = YES;
				CLANG_WARN_UNREACHABLE_CODE = YES;
				CLANG_WARN__DUPLICATE_METHOD_MATCH = YES;
				"CODE_SIGN_IDENTITY[sdk=iphoneos*]" = "iPhone Developer";
				COPY_PHASE_STRIP = NO;
				DEBUG_INFORMATION_FORMAT = dwarf;
				ENABLE_STRICT_OBJC_MSGSEND = YES;
				ENABLE_TESTABILITY = YES;
				GCC_C_LANGUAGE_STANDARD = gnu99;
				GCC_DYNAMIC_NO_PIC = NO;
				GCC_NO_COMMON_BLOCKS = YES;
				GCC_OPTIMIZATION_LEVEL = 0;
				GCC_PREPROCESSOR_DEFINITIONS = (
					"DEBUG=1",
					"$(inherited)",
				);
				GCC_WARN_64_TO_32_BIT_CONVERSION = YES;
				GCC_WARN_ABOUT_RETURN_TYPE = YES_ERROR;
				GCC_WARN_UNDECLARED_SELECTOR = YES;
				GCC_WARN_UNINITIALIZED_AUTOS = YES_AGGRESSIVE;
				GCC_WARN_UNUSED_FUNCTION = YES;
				GCC_WARN_UNUSED_VARIABLE = YES;
				IPHONEOS_DEPLOYMENT_TARGET = 10.3;
				MTL_ENABLE_DEBUG_INFO = YES;
				ONLY_ACTIVE_ARCH = YES;
				SDKROOT = iphoneos;
				SWIFT_ACTIVE_COMPILATION_CONDITIONS = DEBUG;
				SWIFT_OPTIMIZATION_LEVEL = "-Onone";
			};
			name = Debug;
		};
		2AACFCFB1EDF56D00015F4F9 /* Release */ = {
			isa = XCBuildConfiguration;
			buildSettings = {
				ALWAYS_SEARCH_USER_PATHS = NO;
				CLANG_ANALYZER_NONNULL = YES;
				CLANG_ANALYZER_NUMBER_OBJECT_CONVERSION = YES_AGGRESSIVE;
				CLANG_CXX_LANGUAGE_STANDARD = "gnu++0x";
				CLANG_CXX_LIBRARY = "libc++";
				CLANG_ENABLE_MODULES = YES;
				CLANG_ENABLE_OBJC_ARC = YES;
				CLANG_WARN_BOOL_CONVERSION = YES;
				CLANG_WARN_CONSTANT_CONVERSION = YES;
				CLANG_WARN_DIRECT_OBJC_ISA_USAGE = YES_ERROR;
				CLANG_WARN_DOCUMENTATION_COMMENTS = YES;
				CLANG_WARN_EMPTY_BODY = YES;
				CLANG_WARN_ENUM_CONVERSION = YES;
				CLANG_WARN_INFINITE_RECURSION = YES;
				CLANG_WARN_INT_CONVERSION = YES;
				CLANG_WARN_OBJC_ROOT_CLASS = YES_ERROR;
				CLANG_WARN_SUSPICIOUS_MOVE = YES;
				CLANG_WARN_UNREACHABLE_CODE = YES;
				CLANG_WARN__DUPLICATE_METHOD_MATCH = YES;
				"CODE_SIGN_IDENTITY[sdk=iphoneos*]" = "iPhone Developer";
				COPY_PHASE_STRIP = NO;
				DEBUG_INFORMATION_FORMAT = "dwarf-with-dsym";
				ENABLE_NS_ASSERTIONS = NO;
				ENABLE_STRICT_OBJC_MSGSEND = YES;
				GCC_C_LANGUAGE_STANDARD = gnu99;
				GCC_NO_COMMON_BLOCKS = YES;
				GCC_WARN_64_TO_32_BIT_CONVERSION = YES;
				GCC_WARN_ABOUT_RETURN_TYPE = YES_ERROR;
				GCC_WARN_UNDECLARED_SELECTOR = YES;
				GCC_WARN_UNINITIALIZED_AUTOS = YES_AGGRESSIVE;
				GCC_WARN_UNUSED_FUNCTION = YES;
				GCC_WARN_UNUSED_VARIABLE = YES;
				IPHONEOS_DEPLOYMENT_TARGET = 10.3;
				MTL_ENABLE_DEBUG_INFO = NO;
				SDKROOT = iphoneos;
				SWIFT_OPTIMIZATION_LEVEL = "-Owholemodule";
				VALIDATE_PRODUCT = YES;
			};
			name = Release;
		};
		2AACFCFD1EDF56D00015F4F9 /* Debug */ = {
			isa = XCBuildConfiguration;
			buildSettings = {
				ASSETCATALOG_COMPILER_APPICON_NAME = AppIcon;
				DEVELOPMENT_TEAM = WC4MWVKQFQ;
				INFOPLIST_FILE = "TaskApp(2)/Info.plist";
				LD_RUNPATH_SEARCH_PATHS = "$(inherited) @executable_path/Frameworks";
				PRODUCT_BUNDLE_IDENTIFIER = "com.rob-hand.TaskApp-2-";
				PRODUCT_NAME = "$(TARGET_NAME)";
				SWIFT_VERSION = 3.0;
			};
			name = Debug;
		};
		2AACFCFE1EDF56D00015F4F9 /* Release */ = {
			isa = XCBuildConfiguration;
			buildSettings = {
				ASSETCATALOG_COMPILER_APPICON_NAME = AppIcon;
				DEVELOPMENT_TEAM = WC4MWVKQFQ;
				INFOPLIST_FILE = "TaskApp(2)/Info.plist";
				LD_RUNPATH_SEARCH_PATHS = "$(inherited) @executable_path/Frameworks";
				PRODUCT_BUNDLE_IDENTIFIER = "com.rob-hand.TaskApp-2-";
				PRODUCT_NAME = "$(TARGET_NAME)";
				SWIFT_VERSION = 3.0;
			};
			name = Release;
		};
/* End XCBuildConfiguration section */

/* Begin XCConfigurationList section */
		2AACFCE51EDF56D00015F4F9 /* Build configuration list for PBXProject "TaskApp(2)" */ = {
			isa = XCConfigurationList;
			buildConfigurations = (
				2AACFCFA1EDF56D00015F4F9 /* Debug */,
				2AACFCFB1EDF56D00015F4F9 /* Release */,
			);
			defaultConfigurationIsVisible = 0;
			defaultConfigurationName = Release;
		};
		2AACFCFC1EDF56D00015F4F9 /* Build configuration list for PBXNativeTarget "TaskApp(2)" */ = {
			isa = XCConfigurationList;
			buildConfigurations = (
				2AACFCFD1EDF56D00015F4F9 /* Debug */,
				2AACFCFE1EDF56D00015F4F9 /* Release */,
			);
			defaultConfigurationIsVisible = 0;
		};
/* End XCConfigurationList section */

/* Begin XCVersionGroup section */
		2AACFD0E1EDF59340015F4F9 /* CoreDataStack.xcdatamodeld */ = {
			isa = XCVersionGroup;
			children = (
				2AACFD0F1EDF59340015F4F9 /* CoreDataStack.xcdatamodel */,
			);
			currentVersion = 2AACFD0F1EDF59340015F4F9 /* CoreDataStack.xcdatamodel */;
			path = CoreDataStack.xcdatamodeld;
			sourceTree = "<group>";
			versionGroupType = wrapper.xcdatamodel;
		};
/* End XCVersionGroup section */
	};
	rootObject = 2AACFCE21EDF56D00015F4F9 /* Project object */;
}
