// !$*UTF8*$!
{
	archiveVersion = 1;
	classes = {
	};
	objectVersion = 46;
	objects = {

/* Begin PBXBuildFile section */
		5EA7635D1E96ED3500956038 /* AppDelegate.swift in Sources */ = {isa = PBXBuildFile; fileRef = 5EA7635C1E96ED3500956038 /* AppDelegate.swift */; };
		5EA7635F1E96ED3500956038 /* ViewController.swift in Sources */ = {isa = PBXBuildFile; fileRef = 5EA7635E1E96ED3500956038 /* ViewController.swift */; };
		5EA763621E96ED3500956038 /* Main.storyboard in Resources */ = {isa = PBXBuildFile; fileRef = 5EA763601E96ED3500956038 /* Main.storyboard */; };
		5EA763641E96ED3500956038 /* Assets.xcassets in Resources */ = {isa = PBXBuildFile; fileRef = 5EA763631E96ED3500956038 /* Assets.xcassets */; };
		5EA763671E96ED3500956038 /* LaunchScreen.storyboard in Resources */ = {isa = PBXBuildFile; fileRef = 5EA763651E96ED3500956038 /* LaunchScreen.storyboard */; };
		5EA763701E96ED6D00956038 /* CoreDataDemo.xcdatamodeld in Sources */ = {isa = PBXBuildFile; fileRef = 5EA7636E1E96ED6D00956038 /* CoreDataDemo.xcdatamodeld */; };
		5EA763741E96ED9400956038 /* CoreDataStack.swift in Sources */ = {isa = PBXBuildFile; fileRef = 5EA763731E96ED9400956038 /* CoreDataStack.swift */; };
		5EA763761E96EF1E00956038 /* Person+Convenience.swift in Sources */ = {isa = PBXBuildFile; fileRef = 5EA763751E96EF1E00956038 /* Person+Convenience.swift */; };
		5EA763781E96F0DA00956038 /* PersonController.swift in Sources */ = {isa = PBXBuildFile; fileRef = 5EA763771E96F0DA00956038 /* PersonController.swift */; };
/* End PBXBuildFile section */

/* Begin PBXFileReference section */
		5EA763591E96ED3500956038 /* CoreDataDemo.app */ = {isa = PBXFileReference; explicitFileType = wrapper.application; includeInIndex = 0; path = CoreDataDemo.app; sourceTree = BUILT_PRODUCTS_DIR; };
		5EA7635C1E96ED3500956038 /* AppDelegate.swift */ = {isa = PBXFileReference; lastKnownFileType = sourcecode.swift; path = AppDelegate.swift; sourceTree = "<group>"; };
		5EA7635E1E96ED3500956038 /* ViewController.swift */ = {isa = PBXFileReference; lastKnownFileType = sourcecode.swift; path = ViewController.swift; sourceTree = "<group>"; };
		5EA763611E96ED3500956038 /* Base */ = {isa = PBXFileReference; lastKnownFileType = file.storyboard; name = Base; path = Base.lproj/Main.storyboard; sourceTree = "<group>"; };
		5EA763631E96ED3500956038 /* Assets.xcassets */ = {isa = PBXFileReference; lastKnownFileType = folder.assetcatalog; path = Assets.xcassets; sourceTree = "<group>"; };
		5EA763661E96ED3500956038 /* Base */ = {isa = PBXFileReference; lastKnownFileType = file.storyboard; name = Base; path = Base.lproj/LaunchScreen.storyboard; sourceTree = "<group>"; };
		5EA763681E96ED3500956038 /* Info.plist */ = {isa = PBXFileReference; lastKnownFileType = text.plist.xml; path = Info.plist; sourceTree = "<group>"; };
		5EA7636F1E96ED6D00956038 /* CoreDataDemo.xcdatamodel */ = {isa = PBXFileReference; lastKnownFileType = wrapper.xcdatamodel; path = CoreDataDemo.xcdatamodel; sourceTree = "<group>"; };
		5EA763731E96ED9400956038 /* CoreDataStack.swift */ = {isa = PBXFileReference; fileEncoding = 4; lastKnownFileType = sourcecode.swift; path = CoreDataStack.swift; sourceTree = "<group>"; };
		5EA763751E96EF1E00956038 /* Person+Convenience.swift */ = {isa = PBXFileReference; fileEncoding = 4; lastKnownFileType = sourcecode.swift; path = "Person+Convenience.swift"; sourceTree = "<group>"; };
		5EA763771E96F0DA00956038 /* PersonController.swift */ = {isa = PBXFileReference; fileEncoding = 4; lastKnownFileType = sourcecode.swift; path = PersonController.swift; sourceTree = "<group>"; };
/* End PBXFileReference section */

/* Begin PBXFrameworksBuildPhase section */
		5EA763561E96ED3500956038 /* Frameworks */ = {
			isa = PBXFrameworksBuildPhase;
			buildActionMask = 2147483647;
			files = (
			);
			runOnlyForDeploymentPostprocessing = 0;
		};
/* End PBXFrameworksBuildPhase section */

/* Begin PBXGroup section */
		5EA763501E96ED3500956038 = {
			isa = PBXGroup;
			children = (
				5EA7635B1E96ED3500956038 /* CoreDataDemo */,
				5EA7635A1E96ED3500956038 /* Products */,
			);
			sourceTree = "<group>";
		};
		5EA7635A1E96ED3500956038 /* Products */ = {
			isa = PBXGroup;
			children = (
				5EA763591E96ED3500956038 /* CoreDataDemo.app */,
			);
			name = Products;
			sourceTree = "<group>";
		};
		5EA7635B1E96ED3500956038 /* CoreDataDemo */ = {
			isa = PBXGroup;
			children = (
				5EA7635C1E96ED3500956038 /* AppDelegate.swift */,
				5EA7636E1E96ED6D00956038 /* CoreDataDemo.xcdatamodeld */,
				5EA763751E96EF1E00956038 /* Person+Convenience.swift */,
				5EA763771E96F0DA00956038 /* PersonController.swift */,
				5EA763731E96ED9400956038 /* CoreDataStack.swift */,
				5EA763711E96ED7C00956038 /* ViewControllers */,
				5EA763721E96ED8300956038 /* Resources */,
			);
			path = CoreDataDemo;
			sourceTree = "<group>";
		};
		5EA763711E96ED7C00956038 /* ViewControllers */ = {
			isa = PBXGroup;
			children = (
				5EA7635E1E96ED3500956038 /* ViewController.swift */,
				5EA763601E96ED3500956038 /* Main.storyboard */,
			);
			name = ViewControllers;
			sourceTree = "<group>";
		};
		5EA763721E96ED8300956038 /* Resources */ = {
			isa = PBXGroup;
			children = (
				5EA763631E96ED3500956038 /* Assets.xcassets */,
				5EA763651E96ED3500956038 /* LaunchScreen.storyboard */,
				5EA763681E96ED3500956038 /* Info.plist */,
			);
			name = Resources;
			sourceTree = "<group>";
		};
/* End PBXGroup section */

/* Begin PBXNativeTarget section */
		5EA763581E96ED3500956038 /* CoreDataDemo */ = {
			isa = PBXNativeTarget;
			buildConfigurationList = 5EA7636B1E96ED3500956038 /* Build configuration list for PBXNativeTarget "CoreDataDemo" */;
			buildPhases = (
				5EA763551E96ED3500956038 /* Sources */,
				5EA763561E96ED3500956038 /* Frameworks */,
				5EA763571E96ED3500956038 /* Resources */,
			);
			buildRules = (
			);
			dependencies = (
			);
			name = CoreDataDemo;
			productName = CoreDataDemo;
			productReference = 5EA763591E96ED3500956038 /* CoreDataDemo.app */;
			productType = "com.apple.product-type.application";
		};
/* End PBXNativeTarget section */

/* Begin PBXProject section */
		5EA763511E96ED3500956038 /* Project object */ = {
			isa = PBXProject;
			attributes = {
				LastSwiftUpdateCheck = 0830;
				LastUpgradeCheck = 0830;
				ORGANIZATIONNAME = "operation thirteenOne";
				TargetAttributes = {
					5EA763581E96ED3500956038 = {
						CreatedOnToolsVersion = 8.3;
						DevelopmentTeam = L26E58LG2M;
						ProvisioningStyle = Automatic;
					};
				};
			};
			buildConfigurationList = 5EA763541E96ED3500956038 /* Build configuration list for PBXProject "CoreDataDemo" */;
			compatibilityVersion = "Xcode 3.2";
			developmentRegion = English;
			hasScannedForEncodings = 0;
			knownRegions = (
				en,
				Base,
			);
			mainGroup = 5EA763501E96ED3500956038;
			productRefGroup = 5EA7635A1E96ED3500956038 /* Products */;
			projectDirPath = "";
			projectRoot = "";
			targets = (
				5EA763581E96ED3500956038 /* CoreDataDemo */,
			);
		};
/* End PBXProject section */

/* Begin PBXResourcesBuildPhase section */
		5EA763571E96ED3500956038 /* Resources */ = {
			isa = PBXResourcesBuildPhase;
			buildActionMask = 2147483647;
			files = (
				5EA763671E96ED3500956038 /* LaunchScreen.storyboard in Resources */,
				5EA763641E96ED3500956038 /* Assets.xcassets in Resources */,
				5EA763621E96ED3500956038 /* Main.storyboard in Resources */,
			);
			runOnlyForDeploymentPostprocessing = 0;
		};
/* End PBXResourcesBuildPhase section */

/* Begin PBXSourcesBuildPhase section */
		5EA763551E96ED3500956038 /* Sources */ = {
			isa = PBXSourcesBuildPhase;
			buildActionMask = 2147483647;
			files = (
				5EA7635F1E96ED3500956038 /* ViewController.swift in Sources */,
				5EA763701E96ED6D00956038 /* CoreDataDemo.xcdatamodeld in Sources */,
				5EA7635D1E96ED3500956038 /* AppDelegate.swift in Sources */,
				5EA763761E96EF1E00956038 /* Person+Convenience.swift in Sources */,
				5EA763781E96F0DA00956038 /* PersonController.swift in Sources */,
				5EA763741E96ED9400956038 /* CoreDataStack.swift in Sources */,
			);
			runOnlyForDeploymentPostprocessing = 0;
		};
/* End PBXSourcesBuildPhase section */

/* Begin PBXVariantGroup section */
		5EA763601E96ED3500956038 /* Main.storyboard */ = {
			isa = PBXVariantGroup;
			children = (
				5EA763611E96ED3500956038 /* Base */,
			);
			name = Main.storyboard;
			sourceTree = "<group>";
		};
		5EA763651E96ED3500956038 /* LaunchScreen.storyboard */ = {
			isa = PBXVariantGroup;
			children = (
				5EA763661E96ED3500956038 /* Base */,
			);
			name = LaunchScreen.storyboard;
			sourceTree = "<group>";
		};
/* End PBXVariantGroup section */

/* Begin XCBuildConfiguration section */
		5EA763691E96ED3500956038 /* Debug */ = {
			isa = XCBuildConfiguration;
			buildSettings = {
				ALWAYS_SEARCH_USER_PATHS = NO;
				CLANG_ANALYZER_NONNULL = YES;
				CLANG_ANALYZER_NUMBER_OBJECT_CONVERSION = YES_AGGRESSIVE;
				CLANG_CXX_LANGUAGE_STANDARD = "gnu++0x";
				CLANG_CXX_LIBRARY = "libc++";
				CLANG_ENABLE_MODULES = YES;
				CLANG_ENABLE_OBJC_ARC = YES;
				CLANG_WARN_BOOL_CONVERSION = YES;
				CLANG_WARN_CONSTANT_CONVERSION = YES;
				CLANG_WARN_DIRECT_OBJC_ISA_USAGE = YES_ERROR;
				CLANG_WARN_DOCUMENTATION_COMMENTS = YES;
				CLANG_WARN_EMPTY_BODY = YES;
				CLANG_WARN_ENUM_CONVERSION = YES;
				CLANG_WARN_INFINITE_RECURSION = YES;
				CLANG_WARN_INT_CONVERSION = YES;
				CLANG_WARN_OBJC_ROOT_CLASS = YES_ERROR;
				CLANG_WARN_SUSPICIOUS_MOVE = YES;
				CLANG_WARN_UNREACHABLE_CODE = YES;
				CLANG_WARN__DUPLICATE_METHOD_MATCH = YES;
				"CODE_SIGN_IDENTITY[sdk=iphoneos*]" = "iPhone Developer";
				COPY_PHASE_STRIP = NO;
				DEBUG_INFORMATION_FORMAT = dwarf;
				ENABLE_STRICT_OBJC_MSGSEND = YES;
				ENABLE_TESTABILITY = YES;
				GCC_C_LANGUAGE_STANDARD = gnu99;
				GCC_DYNAMIC_NO_PIC = NO;
				GCC_NO_COMMON_BLOCKS = YES;
				GCC_OPTIMIZATION_LEVEL = 0;
				GCC_PREPROCESSOR_DEFINITIONS = (
					"DEBUG=1",
					"$(inherited)",
				);
				GCC_WARN_64_TO_32_BIT_CONVERSION = YES;
				GCC_WARN_ABOUT_RETURN_TYPE = YES_ERROR;
				GCC_WARN_UNDECLARED_SELECTOR = YES;
				GCC_WARN_UNINITIALIZED_AUTOS = YES_AGGRESSIVE;
				GCC_WARN_UNUSED_FUNCTION = YES;
				GCC_WARN_UNUSED_VARIABLE = YES;
				IPHONEOS_DEPLOYMENT_TARGET = 10.3;
				MTL_ENABLE_DEBUG_INFO = YES;
				ONLY_ACTIVE_ARCH = YES;
				SDKROOT = iphoneos;
				SWIFT_ACTIVE_COMPILATION_CONDITIONS = DEBUG;
				SWIFT_OPTIMIZATION_LEVEL = "-Onone";
				TARGETED_DEVICE_FAMILY = "1,2";
			};
			name = Debug;
		};
		5EA7636A1E96ED3500956038 /* Release */ = {
			isa = XCBuildConfiguration;
			buildSettings = {
				ALWAYS_SEARCH_USER_PATHS = NO;
				CLANG_ANALYZER_NONNULL = YES;
				CLANG_ANALYZER_NUMBER_OBJECT_CONVERSION = YES_AGGRESSIVE;
				CLANG_CXX_LANGUAGE_STANDARD = "gnu++0x";
				CLANG_CXX_LIBRARY = "libc++";
				CLANG_ENABLE_MODULES = YES;
				CLANG_ENABLE_OBJC_ARC = YES;
				CLANG_WARN_BOOL_CONVERSION = YES;
				CLANG_WARN_CONSTANT_CONVERSION = YES;
				CLANG_WARN_DIRECT_OBJC_ISA_USAGE = YES_ERROR;
				CLANG_WARN_DOCUMENTATION_COMMENTS = YES;
				CLANG_WARN_EMPTY_BODY = YES;
				CLANG_WARN_ENUM_CONVERSION = YES;
				CLANG_WARN_INFINITE_RECURSION = YES;
				CLANG_WARN_INT_CONVERSION = YES;
				CLANG_WARN_OBJC_ROOT_CLASS = YES_ERROR;
				CLANG_WARN_SUSPICIOUS_MOVE = YES;
				CLANG_WARN_UNREACHABLE_CODE = YES;
				CLANG_WARN__DUPLICATE_METHOD_MATCH = YES;
				"CODE_SIGN_IDENTITY[sdk=iphoneos*]" = "iPhone Developer";
				COPY_PHASE_STRIP = NO;
				DEBUG_INFORMATION_FORMAT = "dwarf-with-dsym";
				ENABLE_NS_ASSERTIONS = NO;
				ENABLE_STRICT_OBJC_MSGSEND = YES;
				GCC_C_LANGUAGE_STANDARD = gnu99;
				GCC_NO_COMMON_BLOCKS = YES;
				GCC_WARN_64_TO_32_BIT_CONVERSION = YES;
				GCC_WARN_ABOUT_RETURN_TYPE = YES_ERROR;
				GCC_WARN_UNDECLARED_SELECTOR = YES;
				GCC_WARN_UNINITIALIZED_AUTOS = YES_AGGRESSIVE;
				GCC_WARN_UNUSED_FUNCTION = YES;
				GCC_WARN_UNUSED_VARIABLE = YES;
				IPHONEOS_DEPLOYMENT_TARGET = 10.3;
				MTL_ENABLE_DEBUG_INFO = NO;
				SDKROOT = iphoneos;
				SWIFT_OPTIMIZATION_LEVEL = "-Owholemodule";
				TARGETED_DEVICE_FAMILY = "1,2";
				VALIDATE_PRODUCT = YES;
			};
			name = Release;
		};
		5EA7636C1E96ED3500956038 /* Debug */ = {
			isa = XCBuildConfiguration;
			buildSettings = {
				ASSETCATALOG_COMPILER_APPICON_NAME = AppIcon;
				DEVELOPMENT_TEAM = L26E58LG2M;
				INFOPLIST_FILE = CoreDataDemo/Info.plist;
				LD_RUNPATH_SEARCH_PATHS = "$(inherited) @executable_path/Frameworks";
				PRODUCT_BUNDLE_IDENTIFIER = com.op131.CoreDataDemo;
				PRODUCT_NAME = "$(TARGET_NAME)";
				SWIFT_VERSION = 3.0;
			};
			name = Debug;
		};
		5EA7636D1E96ED3500956038 /* Release */ = {
			isa = XCBuildConfiguration;
			buildSettings = {
				ASSETCATALOG_COMPILER_APPICON_NAME = AppIcon;
				DEVELOPMENT_TEAM = L26E58LG2M;
				INFOPLIST_FILE = CoreDataDemo/Info.plist;
				LD_RUNPATH_SEARCH_PATHS = "$(inherited) @executable_path/Frameworks";
				PRODUCT_BUNDLE_IDENTIFIER = com.op131.CoreDataDemo;
				PRODUCT_NAME = "$(TARGET_NAME)";
				SWIFT_VERSION = 3.0;
			};
			name = Release;
		};
/* End XCBuildConfiguration section */

/* Begin XCConfigurationList section */
		5EA763541E96ED3500956038 /* Build configuration list for PBXProject "CoreDataDemo" */ = {
			isa = XCConfigurationList;
			buildConfigurations = (
				5EA763691E96ED3500956038 /* Debug */,
				5EA7636A1E96ED3500956038 /* Release */,
			);
			defaultConfigurationIsVisible = 0;
			defaultConfigurationName = Release;
		};
		5EA7636B1E96ED3500956038 /* Build configuration list for PBXNativeTarget "CoreDataDemo" */ = {
			isa = XCConfigurationList;
			buildConfigurations = (
				5EA7636C1E96ED3500956038 /* Debug */,
				5EA7636D1E96ED3500956038 /* Release */,
			);
			defaultConfigurationIsVisible = 0;
		};
/* End XCConfigurationList section */

/* Begin XCVersionGroup section */
		5EA7636E1E96ED6D00956038 /* CoreDataDemo.xcdatamodeld */ = {
			isa = XCVersionGroup;
			children = (
				5EA7636F1E96ED6D00956038 /* CoreDataDemo.xcdatamodel */,
			);
			currentVersion = 5EA7636F1E96ED6D00956038 /* CoreDataDemo.xcdatamodel */;
			path = CoreDataDemo.xcdatamodeld;
			sourceTree = "<group>";
			versionGroupType = wrapper.xcdatamodel;
		};
/* End XCVersionGroup section */
	};
	rootObject = 5EA763511E96ED3500956038 /* Project object */;
}
